
Microsoft Visual Studio Solution File, Format Version 12.00
# Visual Studio Version 16
VisualStudioVersion = 16.0.31729.503
MinimumVisualStudioVersion = 10.0.40219.1
Project("{FAE04EC0-301F-11D3-BF4B-00C04F79EFBC}") = "Project Calculator", "Project Calculator.csproj", "{437C8A87-53A2-4705-AB3C-0EE2FFC6C1D8}"
EndProject
Global
	GlobalSection(SolutionConfigurationPlatforms) = preSolution
		Debug|Any CPU = Debug|Any CPU
		Release|Any CPU = Release|Any CPU
	EndGlobalSection
	GlobalSection(ProjectConfigurationPlatforms) = postSolution
		{437C8A87-53A2-4705-AB3C-0EE2FFC6C1D8}.Debug|Any CPU.ActiveCfg = Debug|Any CPU
		{437C8A87-53A2-4705-AB3C-0EE2FFC6C1D8}.Debug|Any CPU.Build.0 = Debug|Any CPU
		{437C8A87-53A2-4705-AB3C-0EE2FFC6C1D8}.Release|Any CPU.ActiveCfg = Release|Any CPU
		{437C8A87-53A2-4705-AB3C-0EE2FFC6C1D8}.Release|Any CPU.Build.0 = Release|Any CPU
	EndGlobalSection
	GlobalSection(SolutionProperties) = preSolution
		HideSolutionNode = FALSE
	EndGlobalSection
	GlobalSection(ExtensibilityGlobals) = postSolution
		SolutionGuid = {8C75AA80-4690-4FBD-B2BC-2BEF888CF379}
	EndGlobalSection
EndGlobal
